// !$*UTF8*$!
{
	archiveVersion = 1;
	classes = {
	};
	objectVersion = 46;
	objects = {

/* Begin PBXBuildFile section */
		A45978781D073D86005F274E /* main.m in Sources */ = {isa = PBXBuildFile; fileRef = A45978771D073D86005F274E /* main.m */; };
		A459787B1D073D86005F274E /* AppDelegate.m in Sources */ = {isa = PBXBuildFile; fileRef = A459787A1D073D86005F274E /* AppDelegate.m */; };
		A459787E1D073D86005F274E /* ColorViewController.m in Sources */ = {isa = PBXBuildFile; fileRef = A459787D1D073D86005F274E /* ColorViewController.m */; };
		A45978811D073D86005F274E /* Colorboard.storyboard in Resources */ = {isa = PBXBuildFile; fileRef = A459787F1D073D86005F274E /* Colorboard.storyboard */; };
		A45978831D073D86005F274E /* Assets.xcassets in Resources */ = {isa = PBXBuildFile; fileRef = A45978821D073D86005F274E /* Assets.xcassets */; };
		A459788F1D076204005F274E /* PaletteViewController.m in Sources */ = {isa = PBXBuildFile; fileRef = A459788E1D076204005F274E /* PaletteViewController.m */; };
		A45978921D07632D005F274E /* ColorDescription.m in Sources */ = {isa = PBXBuildFile; fileRef = A45978911D07632D005F274E /* ColorDescription.m */; };
/* End PBXBuildFile section */

/* Begin PBXFileReference section */
		A45978731D073D85005F274E /* Colorboard.app */ = {isa = PBXFileReference; explicitFileType = wrapper.application; includeInIndex = 0; path = Colorboard.app; sourceTree = BUILT_PRODUCTS_DIR; };
		A45978771D073D86005F274E /* main.m */ = {isa = PBXFileReference; lastKnownFileType = sourcecode.c.objc; path = main.m; sourceTree = "<group>"; };
		A45978791D073D86005F274E /* AppDelegate.h */ = {isa = PBXFileReference; lastKnownFileType = sourcecode.c.h; path = AppDelegate.h; sourceTree = "<group>"; };
		A459787A1D073D86005F274E /* AppDelegate.m */ = {isa = PBXFileReference; lastKnownFileType = sourcecode.c.objc; path = AppDelegate.m; sourceTree = "<group>"; };
		A459787C1D073D86005F274E /* ColorViewController.h */ = {isa = PBXFileReference; lastKnownFileType = sourcecode.c.h; path = ColorViewController.h; sourceTree = "<group>"; };
		A459787D1D073D86005F274E /* ColorViewController.m */ = {isa = PBXFileReference; lastKnownFileType = sourcecode.c.objc; path = ColorViewController.m; sourceTree = "<group>"; };
		A45978801D073D86005F274E /* Base */ = {isa = PBXFileReference; lastKnownFileType = file.storyboard; name = Base; path = Base.lproj/Colorboard.storyboard; sourceTree = "<group>"; };
		A45978821D073D86005F274E /* Assets.xcassets */ = {isa = PBXFileReference; lastKnownFileType = folder.assetcatalog; path = Assets.xcassets; sourceTree = "<group>"; };
		A45978871D073D86005F274E /* Info.plist */ = {isa = PBXFileReference; lastKnownFileType = text.plist.xml; path = Info.plist; sourceTree = "<group>"; };
		A459788D1D076204005F274E /* PaletteViewController.h */ = {isa = PBXFileReference; fileEncoding = 4; lastKnownFileType = sourcecode.c.h; path = PaletteViewController.h; sourceTree = "<group>"; };
		A459788E1D076204005F274E /* PaletteViewController.m */ = {isa = PBXFileReference; fileEncoding = 4; lastKnownFileType = sourcecode.c.objc; path = PaletteViewController.m; sourceTree = "<group>"; };
		A45978901D07632D005F274E /* ColorDescription.h */ = {isa = PBXFileReference; fileEncoding = 4; lastKnownFileType = sourcecode.c.h; path = ColorDescription.h; sourceTree = "<group>"; };
		A45978911D07632D005F274E /* ColorDescription.m */ = {isa = PBXFileReference; fileEncoding = 4; lastKnownFileType = sourcecode.c.objc; path = ColorDescription.m; sourceTree = "<group>"; };
/* End PBXFileReference section */

/* Begin PBXFrameworksBuildPhase section */
		A45978701D073D85005F274E /* Frameworks */ = {
			isa = PBXFrameworksBuildPhase;
			buildActionMask = 2147483647;
			files = (
			);
			runOnlyForDeploymentPostprocessing = 0;
		};
/* End PBXFrameworksBuildPhase section */

/* Begin PBXGroup section */
		A459786A1D073D85005F274E = {
			isa = PBXGroup;
			children = (
				A45978751D073D86005F274E /* Colorboard */,
				A45978741D073D85005F274E /* Products */,
			);
			sourceTree = "<group>";
		};
		A45978741D073D85005F274E /* Products */ = {
			isa = PBXGroup;
			children = (
				A45978731D073D85005F274E /* Colorboard.app */,
			);
			name = Products;
			sourceTree = "<group>";
		};
		A45978751D073D86005F274E /* Colorboard */ = {
			isa = PBXGroup;
			children = (
				A45978791D073D86005F274E /* AppDelegate.h */,
				A459787A1D073D86005F274E /* AppDelegate.m */,
				A459787C1D073D86005F274E /* ColorViewController.h */,
				A459787D1D073D86005F274E /* ColorViewController.m */,
				A459787F1D073D86005F274E /* Colorboard.storyboard */,
				A459788D1D076204005F274E /* PaletteViewController.h */,
				A459788E1D076204005F274E /* PaletteViewController.m */,
				A45978901D07632D005F274E /* ColorDescription.h */,
				A45978911D07632D005F274E /* ColorDescription.m */,
				A45978821D073D86005F274E /* Assets.xcassets */,
				A45978871D073D86005F274E /* Info.plist */,
				A45978761D073D86005F274E /* Supporting Files */,
			);
			path = Colorboard;
			sourceTree = "<group>";
		};
		A45978761D073D86005F274E /* Supporting Files */ = {
			isa = PBXGroup;
			children = (
				A45978771D073D86005F274E /* main.m */,
			);
			name = "Supporting Files";
			sourceTree = "<group>";
		};
/* End PBXGroup section */

/* Begin PBXNativeTarget section */
		A45978721D073D85005F274E /* Colorboard */ = {
			isa = PBXNativeTarget;
			buildConfigurationList = A459788A1D073D86005F274E /* Build configuration list for PBXNativeTarget "Colorboard" */;
			buildPhases = (
				A459786F1D073D85005F274E /* Sources */,
				A45978701D073D85005F274E /* Frameworks */,
				A45978711D073D85005F274E /* Resources */,
			);
			buildRules = (
			);
			dependencies = (
			);
			name = Colorboard;
			productName = Colorboard;
			productReference = A45978731D073D85005F274E /* Colorboard.app */;
			productType = "com.apple.product-type.application";
		};
/* End PBXNativeTarget section */

/* Begin PBXProject section */
		A459786B1D073D85005F274E /* Project object */ = {
			isa = PBXProject;
			attributes = {
				LastUpgradeCheck = 0730;
				ORGANIZATIONNAME = "Big Nerd";
				TargetAttributes = {
					A45978721D073D85005F274E = {
						CreatedOnToolsVersion = 7.3;
					};
				};
			};
			buildConfigurationList = A459786E1D073D85005F274E /* Build configuration list for PBXProject "Colorboard" */;
			compatibilityVersion = "Xcode 3.2";
			developmentRegion = English;
			hasScannedForEncodings = 0;
			knownRegions = (
				en,
				Base,
			);
			mainGroup = A459786A1D073D85005F274E;
			productRefGroup = A45978741D073D85005F274E /* Products */;
			projectDirPath = "";
			projectRoot = "";
			targets = (
				A45978721D073D85005F274E /* Colorboard */,
			);
		};
/* End PBXProject section */

/* Begin PBXResourcesBuildPhase section */
		A45978711D073D85005F274E /* Resources */ = {
			isa = PBXResourcesBuildPhase;
			buildActionMask = 2147483647;
			files = (
				A45978831D073D86005F274E /* Assets.xcassets in Resources */,
				A45978811D073D86005F274E /* Colorboard.storyboard in Resources */,
			);
			runOnlyForDeploymentPostprocessing = 0;
		};
/* End PBXResourcesBuildPhase section */

/* Begin PBXSourcesBuildPhase section */
		A459786F1D073D85005F274E /* Sources */ = {
			isa = PBXSourcesBuildPhase;
			buildActionMask = 2147483647;
			files = (
				A459788F1D076204005F274E /* PaletteViewController.m in Sources */,
				A459787E1D073D86005F274E /* ColorViewController.m in Sources */,
				A45978921D07632D005F274E /* ColorDescription.m in Sources */,
				A459787B1D073D86005F274E /* AppDelegate.m in Sources */,
				A45978781D073D86005F274E /* main.m in Sources */,
			);
			runOnlyForDeploymentPostprocessing = 0;
		};
/* End PBXSourcesBuildPhase section */

/* Begin PBXVariantGroup section */
		A459787F1D073D86005F274E /* Colorboard.storyboard */ = {
			isa = PBXVariantGroup;
			children = (
				A45978801D073D86005F274E /* Base */,
			);
			name = Colorboard.storyboard;
			sourceTree = "<group>";
		};
/* End PBXVariantGroup section */

/* Begin XCBuildConfiguration section */
		A45978881D073D86005F274E /* Debug */ = {
			isa = XCBuildConfiguration;
			buildSettings = {
				ALWAYS_SEARCH_USER_PATHS = NO;
				CLANG_ANALYZER_NONNULL = YES;
				CLANG_CXX_LANGUAGE_STANDARD = "gnu++0x";
				CLANG_CXX_LIBRARY = "libc++";
				CLANG_ENABLE_MODULES = YES;
				CLANG_ENABLE_OBJC_ARC = YES;
				CLANG_WARN_BOOL_CONVERSION = YES;
				CLANG_WARN_CONSTANT_CONVERSION = YES;
				CLANG_WARN_DIRECT_OBJC_ISA_USAGE = YES_ERROR;
				CLANG_WARN_EMPTY_BODY = YES;
				CLANG_WARN_ENUM_CONVERSION = YES;
				CLANG_WARN_INT_CONVERSION = YES;
				CLANG_WARN_OBJC_ROOT_CLASS = YES_ERROR;
				CLANG_WARN_UNREACHABLE_CODE = YES;
				CLANG_WARN__DUPLICATE_METHOD_MATCH = YES;
				"CODE_SIGN_IDENTITY[sdk=iphoneos*]" = "iPhone Developer";
				COPY_PHASE_STRIP = NO;
				DEBUG_INFORMATION_FORMAT = dwarf;
				ENABLE_STRICT_OBJC_MSGSEND = YES;
				ENABLE_TESTABILITY = YES;
				GCC_C_LANGUAGE_STANDARD = gnu99;
				GCC_DYNAMIC_NO_PIC = NO;
				GCC_NO_COMMON_BLOCKS = YES;
				GCC_OPTIMIZATION_LEVEL = 0;
				GCC_PREPROCESSOR_DEFINITIONS = (
					"DEBUG=1",
					"$(inherited)",
				);
				GCC_WARN_64_TO_32_BIT_CONVERSION = YES;
				GCC_WARN_ABOUT_RETURN_TYPE = YES_ERROR;
				GCC_WARN_UNDECLARED_SELECTOR = YES;
				GCC_WARN_UNINITIALIZED_AUTOS = YES_AGGRESSIVE;
				GCC_WARN_UNUSED_FUNCTION = YES;
				GCC_WARN_UNUSED_VARIABLE = YES;
				IPHONEOS_DEPLOYMENT_TARGET = 9.3;
				MTL_ENABLE_DEBUG_INFO = YES;
				ONLY_ACTIVE_ARCH = YES;
				SDKROOT = iphoneos;
				TARGETED_DEVICE_FAMILY = "1,2";
			};
			name = Debug;
		};
		A45978891D073D86005F274E /* Release */ = {
			isa = XCBuildConfiguration;
			buildSettings = {
				ALWAYS_SEARCH_USER_PATHS = NO;
				CLANG_ANALYZER_NONNULL = YES;
				CLANG_CXX_LANGUAGE_STANDARD = "gnu++0x";
				CLANG_CXX_LIBRARY = "libc++";
				CLANG_ENABLE_MODULES = YES;
				CLANG_ENABLE_OBJC_ARC = YES;
				CLANG_WARN_BOOL_CONVERSION = YES;
				CLANG_WARN_CONSTANT_CONVERSION = YES;
				CLANG_WARN_DIRECT_OBJC_ISA_USAGE = YES_ERROR;
				CLANG_WARN_EMPTY_BODY = YES;
				CLANG_WARN_ENUM_CONVERSION = YES;
				CLANG_WARN_INT_CONVERSION = YES;
				CLANG_WARN_OBJC_ROOT_CLASS = YES_ERROR;
				CLANG_WARN_UNREACHABLE_CODE = YES;
				CLANG_WARN__DUPLICATE_METHOD_MATCH = YES;
				"CODE_SIGN_IDENTITY[sdk=iphoneos*]" = "iPhone Developer";
				COPY_PHASE_STRIP = NO;
				DEBUG_INFORMATION_FORMAT = "dwarf-with-dsym";
				ENABLE_NS_ASSERTIONS = NO;
				ENABLE_STRICT_OBJC_MSGSEND = YES;
				GCC_C_LANGUAGE_STANDARD = gnu99;
				GCC_NO_COMMON_BLOCKS = YES;
				GCC_WARN_64_TO_32_BIT_CONVERSION = YES;
				GCC_WARN_ABOUT_RETURN_TYPE = YES_ERROR;
				GCC_WARN_UNDECLARED_SELECTOR = YES;
				GCC_WARN_UNINITIALIZED_AUTOS = YES_AGGRESSIVE;
				GCC_WARN_UNUSED_FUNCTION = YES;
				GCC_WARN_UNUSED_VARIABLE = YES;
				IPHONEOS_DEPLOYMENT_TARGET = 9.3;
				MTL_ENABLE_DEBUG_INFO = NO;
				SDKROOT = iphoneos;
				TARGETED_DEVICE_FAMILY = "1,2";
				VALIDATE_PRODUCT = YES;
			};
			name = Release;
		};
		A459788B1D073D86005F274E /* Debug */ = {
			isa = XCBuildConfiguration;
			buildSettings = {
				ASSETCATALOG_COMPILER_APPICON_NAME = AppIcon;
				INFOPLIST_FILE = Colorboard/Info.plist;
				LD_RUNPATH_SEARCH_PATHS = "$(inherited) @executable_path/Frameworks";
				PRODUCT_BUNDLE_IDENTIFIER = com.bignerdranch.Colorboard;
				PRODUCT_NAME = "$(TARGET_NAME)";
				TARGETED_DEVICE_FAMILY = 1;
			};
			name = Debug;
		};
		A459788C1D073D86005F274E /* Release */ = {
			isa = XCBuildConfiguration;
			buildSettings = {
				ASSETCATALOG_COMPILER_APPICON_NAME = AppIcon;
				INFOPLIST_FILE = Colorboard/Info.plist;
				LD_RUNPATH_SEARCH_PATHS = "$(inherited) @executable_path/Frameworks";
				PRODUCT_BUNDLE_IDENTIFIER = com.bignerdranch.Colorboard;
				PRODUCT_NAME = "$(TARGET_NAME)";
				TARGETED_DEVICE_FAMILY = 1;
			};
			name = Release;
		};
/* End XCBuildConfiguration section */

/* Begin XCConfigurationList section */
		A459786E1D073D85005F274E /* Build configuration list for PBXProject "Colorboard" */ = {
			isa = XCConfigurationList;
			buildConfigurations = (
				A45978881D073D86005F274E /* Debug */,
				A45978891D073D86005F274E /* Release */,
			);
			defaultConfigurationIsVisible = 0;
			defaultConfigurationName = Release;
		};
		A459788A1D073D86005F274E /* Build configuration list for PBXNativeTarget "Colorboard" */ = {
			isa = XCConfigurationList;
			buildConfigurations = (
				A459788B1D073D86005F274E /* Debug */,
				A459788C1D073D86005F274E /* Release */,
			);
			defaultConfigurationIsVisible = 0;
		};
/* End XCConfigurationList section */
	};
	rootObject = A459786B1D073D85005F274E /* Project object */;
}
